
Microsoft Visual Studio Solution File, Format Version 12.00
# Visual Studio Version 16
VisualStudioVersion = 16.0.30907.101
MinimumVisualStudioVersion = 10.0.40219.1
Project("{9A19103F-16F7-4668-BE54-9A1E7A4F7556}") = "Doxup", "Doxup\Doxup.csproj", "{DC9FD64C-4EAF-44BF-A183-DE82133D45CD}"
EndProject
Project("{FAE04EC0-301F-11D3-BF4B-00C04F79EFBC}") = "Doxup.Test", "Doxup.Test\Doxup.Test.csproj", "{9C21BB46-48DB-4569-9999-6D75EEEE0457}"
EndProject
Global
	GlobalSection(SolutionConfigurationPlatforms) = preSolution
		Debug|Any CPU = Debug|Any CPU
		Release|Any CPU = Release|Any CPU
	EndGlobalSection
	GlobalSection(ProjectConfigurationPlatforms) = postSolution
		{DC9FD64C-4EAF-44BF-A183-DE82133D45CD}.Debug|Any CPU.ActiveCfg = Debug|Any CPU
		{DC9FD64C-4EAF-44BF-A183-DE82133D45CD}.Debug|Any CPU.Build.0 = Debug|Any CPU
		{DC9FD64C-4EAF-44BF-A183-DE82133D45CD}.Release|Any CPU.ActiveCfg = Release|Any CPU
		{DC9FD64C-4EAF-44BF-A183-DE82133D45CD}.Release|Any CPU.Build.0 = Release|Any CPU
		{9C21BB46-48DB-4569-9999-6D75EEEE0457}.Debug|Any CPU.ActiveCfg = Debug|Any CPU
		{9C21BB46-48DB-4569-9999-6D75EEEE0457}.Debug|Any CPU.Build.0 = Debug|Any CPU
		{9C21BB46-48DB-4569-9999-6D75EEEE0457}.Release|Any CPU.ActiveCfg = Release|Any CPU
		{9C21BB46-48DB-4569-9999-6D75EEEE0457}.Release|Any CPU.Build.0 = Release|Any CPU
	EndGlobalSection
	GlobalSection(SolutionProperties) = preSolution
		HideSolutionNode = FALSE
	EndGlobalSection
	GlobalSection(ExtensibilityGlobals) = postSolution
		SolutionGuid = {D03FEBCD-9BEA-474C-AAF4-54EBC4E376AF}
	EndGlobalSection
EndGlobal
